
Microsoft Visual Studio Solution File, Format Version 12.00
# Visual Studio Version 17
VisualStudioVersion = 17.9.34723.18
MinimumVisualStudioVersion = 10.0.40219.1
Project("{9A19103F-16F7-4668-BE54-9A1E7A4F7556}") = "SimpleScriptCompiler", "SimpleScriptCompiler\SimpleScriptCompiler.csproj", "{C1CC2FF6-8BE4-40C5-9DA0-045A2D8FFDCB}"
EndProject
Project("{9A19103F-16F7-4668-BE54-9A1E7A4F7556}") = "SimpleScriptCompiler.Tests", "SimpleScriptCompiler.Tests\SimpleScriptCompiler.Tests.csproj", "{98F7662C-0304-4EF0-9D4E-EB8B33BF898A}"
EndProject
Project("{9A19103F-16F7-4668-BE54-9A1E7A4F7556}") = "SimpleScript.Parser", "SimpleScript.Parser\SimpleScript.Parser.csproj", "{0F22DF07-A8DC-4B35-8875-EDE5B8B0451C}"
EndProject
Project("{9A19103F-16F7-4668-BE54-9A1E7A4F7556}") = "SimpleScript.Parser.Tests", "SimpleScript.Parser.Tests\SimpleScript.Parser.Tests.csproj", "{35912582-9153-4FBC-A6B0-F091A592C558}"
EndProject
Project("{9A19103F-16F7-4668-BE54-9A1E7A4F7556}") = "SimpleScript.Lexer", "SimpleScript.Lexer\SimpleScript.Lexer.csproj", "{B0B6783B-1E7C-4EF6-AC5A-D5A9A489AB24}"
EndProject
Project("{FAE04EC0-301F-11D3-BF4B-00C04F79EFBC}") = "SimpleScript.Parser.ComponentTests", "SimpleScript.Parser.ComponentTests\SimpleScript.Parser.ComponentTests.csproj", "{E5D3B7D8-29A8-434B-AD86-71BEA4DC1080}"
EndProject
Global
	GlobalSection(SolutionConfigurationPlatforms) = preSolution
		Debug|Any CPU = Debug|Any CPU
		Release|Any CPU = Release|Any CPU
	EndGlobalSection
	GlobalSection(ProjectConfigurationPlatforms) = postSolution
		{C1CC2FF6-8BE4-40C5-9DA0-045A2D8FFDCB}.Debug|Any CPU.ActiveCfg = Debug|Any CPU
		{C1CC2FF6-8BE4-40C5-9DA0-045A2D8FFDCB}.Debug|Any CPU.Build.0 = Debug|Any CPU
		{C1CC2FF6-8BE4-40C5-9DA0-045A2D8FFDCB}.Release|Any CPU.ActiveCfg = Release|Any CPU
		{C1CC2FF6-8BE4-40C5-9DA0-045A2D8FFDCB}.Release|Any CPU.Build.0 = Release|Any CPU
		{98F7662C-0304-4EF0-9D4E-EB8B33BF898A}.Debug|Any CPU.ActiveCfg = Debug|Any CPU
		{98F7662C-0304-4EF0-9D4E-EB8B33BF898A}.Debug|Any CPU.Build.0 = Debug|Any CPU
		{98F7662C-0304-4EF0-9D4E-EB8B33BF898A}.Release|Any CPU.ActiveCfg = Release|Any CPU
		{98F7662C-0304-4EF0-9D4E-EB8B33BF898A}.Release|Any CPU.Build.0 = Release|Any CPU
		{0F22DF07-A8DC-4B35-8875-EDE5B8B0451C}.Debug|Any CPU.ActiveCfg = Debug|Any CPU
		{0F22DF07-A8DC-4B35-8875-EDE5B8B0451C}.Debug|Any CPU.Build.0 = Debug|Any CPU
		{0F22DF07-A8DC-4B35-8875-EDE5B8B0451C}.Release|Any CPU.ActiveCfg = Release|Any CPU
		{0F22DF07-A8DC-4B35-8875-EDE5B8B0451C}.Release|Any CPU.Build.0 = Release|Any CPU
		{35912582-9153-4FBC-A6B0-F091A592C558}.Debug|Any CPU.ActiveCfg = Debug|Any CPU
		{35912582-9153-4FBC-A6B0-F091A592C558}.Debug|Any CPU.Build.0 = Debug|Any CPU
		{35912582-9153-4FBC-A6B0-F091A592C558}.Release|Any CPU.ActiveCfg = Release|Any CPU
		{35912582-9153-4FBC-A6B0-F091A592C558}.Release|Any CPU.Build.0 = Release|Any CPU
		{B0B6783B-1E7C-4EF6-AC5A-D5A9A489AB24}.Debug|Any CPU.ActiveCfg = Debug|Any CPU
		{B0B6783B-1E7C-4EF6-AC5A-D5A9A489AB24}.Debug|Any CPU.Build.0 = Debug|Any CPU
		{B0B6783B-1E7C-4EF6-AC5A-D5A9A489AB24}.Release|Any CPU.ActiveCfg = Release|Any CPU
		{B0B6783B-1E7C-4EF6-AC5A-D5A9A489AB24}.Release|Any CPU.Build.0 = Release|Any CPU
		{E5D3B7D8-29A8-434B-AD86-71BEA4DC1080}.Debug|Any CPU.ActiveCfg = Debug|Any CPU
		{E5D3B7D8-29A8-434B-AD86-71BEA4DC1080}.Debug|Any CPU.Build.0 = Debug|Any CPU
		{E5D3B7D8-29A8-434B-AD86-71BEA4DC1080}.Release|Any CPU.ActiveCfg = Release|Any CPU
		{E5D3B7D8-29A8-434B-AD86-71BEA4DC1080}.Release|Any CPU.Build.0 = Release|Any CPU
	EndGlobalSection
	GlobalSection(SolutionProperties) = preSolution
		HideSolutionNode = FALSE
	EndGlobalSection
	GlobalSection(ExtensibilityGlobals) = postSolution
		SolutionGuid = {878A523D-1DE5-47A3-B2E0-B41554A34228}
	EndGlobalSection
EndGlobal
